// !$*UTF8*$!
{
	archiveVersion = 1;
	classes = {
	};
	objectVersion = 50;
	objects = {

/* Begin PBXBuildFile section */
		CD0A187025DD506E007703AB /* BWfilter.swift in Sources */ = {isa = PBXBuildFile; fileRef = CD0A186F25DD506E007703AB /* BWfilter.swift */; };
		CD20327C25DA4B9A00D3DE28 /* AppDelegate.swift in Sources */ = {isa = PBXBuildFile; fileRef = CD20327B25DA4B9A00D3DE28 /* AppDelegate.swift */; };
		CD20327E25DA4B9A00D3DE28 /* ViewController.swift in Sources */ = {isa = PBXBuildFile; fileRef = CD20327D25DA4B9A00D3DE28 /* ViewController.swift */; };
		CD20328025DA4B9B00D3DE28 /* Assets.xcassets in Resources */ = {isa = PBXBuildFile; fileRef = CD20327F25DA4B9B00D3DE28 /* Assets.xcassets */; };
		CD20328325DA4B9B00D3DE28 /* Main.storyboard in Resources */ = {isa = PBXBuildFile; fileRef = CD20328125DA4B9B00D3DE28 /* Main.storyboard */; };
/* End PBXBuildFile section */

/* Begin PBXFileReference section */
		CD0A186F25DD506E007703AB /* BWfilter.swift */ = {isa = PBXFileReference; lastKnownFileType = sourcecode.swift; path = BWfilter.swift; sourceTree = "<group>"; };
		CD20327825DA4B9A00D3DE28 /* MacNB.app */ = {isa = PBXFileReference; explicitFileType = wrapper.application; includeInIndex = 0; path = MacNB.app; sourceTree = BUILT_PRODUCTS_DIR; };
		CD20327B25DA4B9A00D3DE28 /* AppDelegate.swift */ = {isa = PBXFileReference; lastKnownFileType = sourcecode.swift; path = AppDelegate.swift; sourceTree = "<group>"; };
		CD20327D25DA4B9A00D3DE28 /* ViewController.swift */ = {isa = PBXFileReference; lastKnownFileType = sourcecode.swift; path = ViewController.swift; sourceTree = "<group>"; };
		CD20327F25DA4B9B00D3DE28 /* Assets.xcassets */ = {isa = PBXFileReference; lastKnownFileType = folder.assetcatalog; path = Assets.xcassets; sourceTree = "<group>"; };
		CD20328225DA4B9B00D3DE28 /* Base */ = {isa = PBXFileReference; lastKnownFileType = file.storyboard; name = Base; path = Base.lproj/Main.storyboard; sourceTree = "<group>"; };
		CD20328425DA4B9B00D3DE28 /* Info.plist */ = {isa = PBXFileReference; lastKnownFileType = text.plist.xml; path = Info.plist; sourceTree = "<group>"; };
		CD20328525DA4B9B00D3DE28 /* MacNB.entitlements */ = {isa = PBXFileReference; lastKnownFileType = text.plist.entitlements; path = MacNB.entitlements; sourceTree = "<group>"; };
/* End PBXFileReference section */

/* Begin PBXFrameworksBuildPhase section */
		CD20327525DA4B9A00D3DE28 /* Frameworks */ = {
			isa = PBXFrameworksBuildPhase;
			buildActionMask = 2147483647;
			files = (
			);
			runOnlyForDeploymentPostprocessing = 0;
		};
/* End PBXFrameworksBuildPhase section */

/* Begin PBXGroup section */
		CD20326F25DA4B9A00D3DE28 = {
			isa = PBXGroup;
			children = (
				CD20327A25DA4B9A00D3DE28 /* MacNB */,
				CD20327925DA4B9A00D3DE28 /* Products */,
			);
			sourceTree = "<group>";
		};
		CD20327925DA4B9A00D3DE28 /* Products */ = {
			isa = PBXGroup;
			children = (
				CD20327825DA4B9A00D3DE28 /* MacNB.app */,
			);
			name = Products;
			sourceTree = "<group>";
		};
		CD20327A25DA4B9A00D3DE28 /* MacNB */ = {
			isa = PBXGroup;
			children = (
				CD20327B25DA4B9A00D3DE28 /* AppDelegate.swift */,
				CD20327D25DA4B9A00D3DE28 /* ViewController.swift */,
				CD0A186F25DD506E007703AB /* BWfilter.swift */,
				CD20327F25DA4B9B00D3DE28 /* Assets.xcassets */,
				CD20328125DA4B9B00D3DE28 /* Main.storyboard */,
				CD20328425DA4B9B00D3DE28 /* Info.plist */,
				CD20328525DA4B9B00D3DE28 /* MacNB.entitlements */,
			);
			path = MacNB;
			sourceTree = "<group>";
		};
/* End PBXGroup section */

/* Begin PBXNativeTarget section */
		CD20327725DA4B9A00D3DE28 /* MacNB */ = {
			isa = PBXNativeTarget;
			buildConfigurationList = CD20328825DA4B9B00D3DE28 /* Build configuration list for PBXNativeTarget "MacNB" */;
			buildPhases = (
				CD20327425DA4B9A00D3DE28 /* Sources */,
				CD20327525DA4B9A00D3DE28 /* Frameworks */,
				CD20327625DA4B9A00D3DE28 /* Resources */,
			);
			buildRules = (
			);
			dependencies = (
			);
			name = MacNB;
			productName = MacNB;
			productReference = CD20327825DA4B9A00D3DE28 /* MacNB.app */;
			productType = "com.apple.product-type.application";
		};
/* End PBXNativeTarget section */

/* Begin PBXProject section */
		CD20327025DA4B9A00D3DE28 /* Project object */ = {
			isa = PBXProject;
			attributes = {
				LastSwiftUpdateCheck = 1240;
				LastUpgradeCheck = 1240;
				TargetAttributes = {
					CD20327725DA4B9A00D3DE28 = {
						CreatedOnToolsVersion = 12.4;
					};
				};
			};
			buildConfigurationList = CD20327325DA4B9A00D3DE28 /* Build configuration list for PBXProject "MacNB" */;
			compatibilityVersion = "Xcode 9.3";
			developmentRegion = en;
			hasScannedForEncodings = 0;
			knownRegions = (
				en,
				Base,
			);
			mainGroup = CD20326F25DA4B9A00D3DE28;
			productRefGroup = CD20327925DA4B9A00D3DE28 /* Products */;
			projectDirPath = "";
			projectRoot = "";
			targets = (
				CD20327725DA4B9A00D3DE28 /* MacNB */,
			);
		};
/* End PBXProject section */

/* Begin PBXResourcesBuildPhase section */
		CD20327625DA4B9A00D3DE28 /* Resources */ = {
			isa = PBXResourcesBuildPhase;
			buildActionMask = 2147483647;
			files = (
				CD20328025DA4B9B00D3DE28 /* Assets.xcassets in Resources */,
				CD20328325DA4B9B00D3DE28 /* Main.storyboard in Resources */,
			);
			runOnlyForDeploymentPostprocessing = 0;
		};
/* End PBXResourcesBuildPhase section */

/* Begin PBXSourcesBuildPhase section */
		CD20327425DA4B9A00D3DE28 /* Sources */ = {
			isa = PBXSourcesBuildPhase;
			buildActionMask = 2147483647;
			files = (
				CD0A187025DD506E007703AB /* BWfilter.swift in Sources */,
				CD20327E25DA4B9A00D3DE28 /* ViewController.swift in Sources */,
				CD20327C25DA4B9A00D3DE28 /* AppDelegate.swift in Sources */,
			);
			runOnlyForDeploymentPostprocessing = 0;
		};
/* End PBXSourcesBuildPhase section */

/* Begin PBXVariantGroup section */
		CD20328125DA4B9B00D3DE28 /* Main.storyboard */ = {
			isa = PBXVariantGroup;
			children = (
				CD20328225DA4B9B00D3DE28 /* Base */,
			);
			name = Main.storyboard;
			sourceTree = "<group>";
		};
/* End PBXVariantGroup section */

/* Begin XCBuildConfiguration section */
		CD20328625DA4B9B00D3DE28 /* Debug */ = {
			isa = XCBuildConfiguration;
			buildSettings = {
				ALWAYS_SEARCH_USER_PATHS = NO;
				CLANG_ANALYZER_NONNULL = YES;
				CLANG_ANALYZER_NUMBER_OBJECT_CONVERSION = YES_AGGRESSIVE;
				CLANG_CXX_LANGUAGE_STANDARD = "gnu++14";
				CLANG_CXX_LIBRARY = "libc++";
				CLANG_ENABLE_MODULES = YES;
				CLANG_ENABLE_OBJC_ARC = YES;
				CLANG_ENABLE_OBJC_WEAK = YES;
				CLANG_WARN_BLOCK_CAPTURE_AUTORELEASING = YES;
				CLANG_WARN_BOOL_CONVERSION = YES;
				CLANG_WARN_COMMA = YES;
				CLANG_WARN_CONSTANT_CONVERSION = YES;
				CLANG_WARN_DEPRECATED_OBJC_IMPLEMENTATIONS = YES;
				CLANG_WARN_DIRECT_OBJC_ISA_USAGE = YES_ERROR;
				CLANG_WARN_DOCUMENTATION_COMMENTS = YES;
				CLANG_WARN_EMPTY_BODY = YES;
				CLANG_WARN_ENUM_CONVERSION = YES;
				CLANG_WARN_INFINITE_RECURSION = YES;
				CLANG_WARN_INT_CONVERSION = YES;
				CLANG_WARN_NON_LITERAL_NULL_CONVERSION = YES;
				CLANG_WARN_OBJC_IMPLICIT_RETAIN_SELF = YES;
				CLANG_WARN_OBJC_LITERAL_CONVERSION = YES;
				CLANG_WARN_OBJC_ROOT_CLASS = YES_ERROR;
				CLANG_WARN_QUOTED_INCLUDE_IN_FRAMEWORK_HEADER = YES;
				CLANG_WARN_RANGE_LOOP_ANALYSIS = YES;
				CLANG_WARN_STRICT_PROTOTYPES = YES;
				CLANG_WARN_SUSPICIOUS_MOVE = YES;
				CLANG_WARN_UNGUARDED_AVAILABILITY = YES_AGGRESSIVE;
				CLANG_WARN_UNREACHABLE_CODE = YES;
				CLANG_WARN__DUPLICATE_METHOD_MATCH = YES;
				COPY_PHASE_STRIP = NO;
				DEBUG_INFORMATION_FORMAT = dwarf;
				ENABLE_STRICT_OBJC_MSGSEND = YES;
				ENABLE_TESTABILITY = YES;
				GCC_C_LANGUAGE_STANDARD = gnu11;
				GCC_DYNAMIC_NO_PIC = NO;
				GCC_NO_COMMON_BLOCKS = YES;
				GCC_OPTIMIZATION_LEVEL = 0;
				GCC_PREPROCESSOR_DEFINITIONS = (
					"DEBUG=1",
					"$(inherited)",
				);
				GCC_WARN_64_TO_32_BIT_CONVERSION = YES;
				GCC_WARN_ABOUT_RETURN_TYPE = YES_ERROR;
				GCC_WARN_UNDECLARED_SELECTOR = YES;
				GCC_WARN_UNINITIALIZED_AUTOS = YES_AGGRESSIVE;
				GCC_WARN_UNUSED_FUNCTION = YES;
				GCC_WARN_UNUSED_VARIABLE = YES;
				MACOSX_DEPLOYMENT_TARGET = 10.15;
				MTL_ENABLE_DEBUG_INFO = INCLUDE_SOURCE;
				MTL_FAST_MATH = YES;
				ONLY_ACTIVE_ARCH = YES;
				SDKROOT = macosx;
				SWIFT_ACTIVE_COMPILATION_CONDITIONS = DEBUG;
				SWIFT_OPTIMIZATION_LEVEL = "-Onone";
			};
			name = Debug;
		};
		CD20328725DA4B9B00D3DE28 /* Release */ = {
			isa = XCBuildConfiguration;
			buildSettings = {
				ALWAYS_SEARCH_USER_PATHS = NO;
				CLANG_ANALYZER_NONNULL = YES;
				CLANG_ANALYZER_NUMBER_OBJECT_CONVERSION = YES_AGGRESSIVE;
				CLANG_CXX_LANGUAGE_STANDARD = "gnu++14";
				CLANG_CXX_LIBRARY = "libc++";
				CLANG_ENABLE_MODULES = YES;
				CLANG_ENABLE_OBJC_ARC = YES;
				CLANG_ENABLE_OBJC_WEAK = YES;
				CLANG_WARN_BLOCK_CAPTURE_AUTORELEASING = YES;
				CLANG_WARN_BOOL_CONVERSION = YES;
				CLANG_WARN_COMMA = YES;
				CLANG_WARN_CONSTANT_CONVERSION = YES;
				CLANG_WARN_DEPRECATED_OBJC_IMPLEMENTATIONS = YES;
				CLANG_WARN_DIRECT_OBJC_ISA_USAGE = YES_ERROR;
				CLANG_WARN_DOCUMENTATION_COMMENTS = YES;
				CLANG_WARN_EMPTY_BODY = YES;
				CLANG_WARN_ENUM_CONVERSION = YES;
				CLANG_WARN_INFINITE_RECURSION = YES;
				CLANG_WARN_INT_CONVERSION = YES;
				CLANG_WARN_NON_LITERAL_NULL_CONVERSION = YES;
				CLANG_WARN_OBJC_IMPLICIT_RETAIN_SELF = YES;
				CLANG_WARN_OBJC_LITERAL_CONVERSION = YES;
				CLANG_WARN_OBJC_ROOT_CLASS = YES_ERROR;
				CLANG_WARN_QUOTED_INCLUDE_IN_FRAMEWORK_HEADER = YES;
				CLANG_WARN_RANGE_LOOP_ANALYSIS = YES;
				CLANG_WARN_STRICT_PROTOTYPES = YES;
				CLANG_WARN_SUSPICIOUS_MOVE = YES;
				CLANG_WARN_UNGUARDED_AVAILABILITY = YES_AGGRESSIVE;
				CLANG_WARN_UNREACHABLE_CODE = YES;
				CLANG_WARN__DUPLICATE_METHOD_MATCH = YES;
				COPY_PHASE_STRIP = NO;
				DEBUG_INFORMATION_FORMAT = "dwarf-with-dsym";
				ENABLE_NS_ASSERTIONS = NO;
				ENABLE_STRICT_OBJC_MSGSEND = YES;
				GCC_C_LANGUAGE_STANDARD = gnu11;
				GCC_NO_COMMON_BLOCKS = YES;
				GCC_WARN_64_TO_32_BIT_CONVERSION = YES;
				GCC_WARN_ABOUT_RETURN_TYPE = YES_ERROR;
				GCC_WARN_UNDECLARED_SELECTOR = YES;
				GCC_WARN_UNINITIALIZED_AUTOS = YES_AGGRESSIVE;
				GCC_WARN_UNUSED_FUNCTION = YES;
				GCC_WARN_UNUSED_VARIABLE = YES;
				MACOSX_DEPLOYMENT_TARGET = 10.15;
				MTL_ENABLE_DEBUG_INFO = NO;
				MTL_FAST_MATH = YES;
				SDKROOT = macosx;
				SWIFT_COMPILATION_MODE = wholemodule;
				SWIFT_OPTIMIZATION_LEVEL = "-O";
			};
			name = Release;
		};
		CD20328925DA4B9B00D3DE28 /* Debug */ = {
			isa = XCBuildConfiguration;
			buildSettings = {
				ASSETCATALOG_COMPILER_APPICON_NAME = AppIcon;
				ASSETCATALOG_COMPILER_GLOBAL_ACCENT_COLOR_NAME = AccentColor;
				CODE_SIGN_ENTITLEMENTS = MacNB/MacNB.entitlements;
				CODE_SIGN_STYLE = Automatic;
				COMBINE_HIDPI_IMAGES = YES;
				DEVELOPMENT_TEAM = FJ38R38PF4;
				ENABLE_HARDENED_RUNTIME = YES;
				INFOPLIST_FILE = MacNB/Info.plist;
				LD_RUNPATH_SEARCH_PATHS = (
					"$(inherited)",
					"@executable_path/../Frameworks",
				);
				PRODUCT_BUNDLE_IDENTIFIER = com.test.MacNB;
				PRODUCT_NAME = "$(TARGET_NAME)";
				SWIFT_VERSION = 5.0;
			};
			name = Debug;
		};
		CD20328A25DA4B9B00D3DE28 /* Release */ = {
			isa = XCBuildConfiguration;
			buildSettings = {
				ASSETCATALOG_COMPILER_APPICON_NAME = AppIcon;
				ASSETCATALOG_COMPILER_GLOBAL_ACCENT_COLOR_NAME = AccentColor;
				CODE_SIGN_ENTITLEMENTS = MacNB/MacNB.entitlements;
				CODE_SIGN_STYLE = Automatic;
				COMBINE_HIDPI_IMAGES = YES;
				DEVELOPMENT_TEAM = FJ38R38PF4;
				ENABLE_HARDENED_RUNTIME = YES;
				INFOPLIST_FILE = MacNB/Info.plist;
				LD_RUNPATH_SEARCH_PATHS = (
					"$(inherited)",
					"@executable_path/../Frameworks",
				);
				PRODUCT_BUNDLE_IDENTIFIER = com.test.MacNB;
				PRODUCT_NAME = "$(TARGET_NAME)";
				SWIFT_VERSION = 5.0;
			};
			name = Release;
		};
/* End XCBuildConfiguration section */

/* Begin XCConfigurationList section */
		CD20327325DA4B9A00D3DE28 /* Build configuration list for PBXProject "MacNB" */ = {
			isa = XCConfigurationList;
			buildConfigurations = (
				CD20328625DA4B9B00D3DE28 /* Debug */,
				CD20328725DA4B9B00D3DE28 /* Release */,
			);
			defaultConfigurationIsVisible = 0;
			defaultConfigurationName = Release;
		};
		CD20328825DA4B9B00D3DE28 /* Build configuration list for PBXNativeTarget "MacNB" */ = {
			isa = XCConfigurationList;
			buildConfigurations = (
				CD20328925DA4B9B00D3DE28 /* Debug */,
				CD20328A25DA4B9B00D3DE28 /* Release */,
			);
			defaultConfigurationIsVisible = 0;
			defaultConfigurationName = Release;
		};
/* End XCConfigurationList section */
	};
	rootObject = CD20327025DA4B9A00D3DE28 /* Project object */;
}
